
Microsoft Visual Studio Solution File, Format Version 12.00
# Visual Studio Version 17
VisualStudioVersion = 17.3.32804.467
MinimumVisualStudioVersion = 10.0.40219.1
Project("{9A19103F-16F7-4668-BE54-9A1E7A4F7556}") = "WebAppDETAug2022", "WebAppDETAug2022\WebAppDETAug2022.csproj", "{5A2EA06C-044D-468A-AFBE-AB3A4CDA6E89}"
EndProject
Project("{9A19103F-16F7-4668-BE54-9A1E7A4F7556}") = "MVCDemo", "MVCDemo\MVCDemo.csproj", "{220AC556-F00C-4D24-AB78-97F659D3D97A}"
EndProject
Project("{9A19103F-16F7-4668-BE54-9A1E7A4F7556}") = "ContosoUniversity", "ContosoUniversity\ContosoUniversity\ContosoUniversity.csproj", "{241CBCFD-1941-41AB-BDBD-15DE115CB6B3}"
EndProject
Global
	GlobalSection(SolutionConfigurationPlatforms) = preSolution
		Debug|Any CPU = Debug|Any CPU
		Release|Any CPU = Release|Any CPU
	EndGlobalSection
	GlobalSection(ProjectConfigurationPlatforms) = postSolution
		{5A2EA06C-044D-468A-AFBE-AB3A4CDA6E89}.Debug|Any CPU.ActiveCfg = Debug|Any CPU
		{5A2EA06C-044D-468A-AFBE-AB3A4CDA6E89}.Debug|Any CPU.Build.0 = Debug|Any CPU
		{5A2EA06C-044D-468A-AFBE-AB3A4CDA6E89}.Release|Any CPU.ActiveCfg = Release|Any CPU
		{5A2EA06C-044D-468A-AFBE-AB3A4CDA6E89}.Release|Any CPU.Build.0 = Release|Any CPU
		{220AC556-F00C-4D24-AB78-97F659D3D97A}.Debug|Any CPU.ActiveCfg = Debug|Any CPU
		{220AC556-F00C-4D24-AB78-97F659D3D97A}.Debug|Any CPU.Build.0 = Debug|Any CPU
		{220AC556-F00C-4D24-AB78-97F659D3D97A}.Release|Any CPU.ActiveCfg = Release|Any CPU
		{220AC556-F00C-4D24-AB78-97F659D3D97A}.Release|Any CPU.Build.0 = Release|Any CPU
		{241CBCFD-1941-41AB-BDBD-15DE115CB6B3}.Debug|Any CPU.ActiveCfg = Debug|Any CPU
		{241CBCFD-1941-41AB-BDBD-15DE115CB6B3}.Debug|Any CPU.Build.0 = Debug|Any CPU
		{241CBCFD-1941-41AB-BDBD-15DE115CB6B3}.Release|Any CPU.ActiveCfg = Release|Any CPU
		{241CBCFD-1941-41AB-BDBD-15DE115CB6B3}.Release|Any CPU.Build.0 = Release|Any CPU
	EndGlobalSection
	GlobalSection(SolutionProperties) = preSolution
		HideSolutionNode = FALSE
	EndGlobalSection
	GlobalSection(ExtensibilityGlobals) = postSolution
		SolutionGuid = {C84C7F98-4E1B-4EE6-914C-B7F98EF7E834}
	EndGlobalSection
EndGlobal
