
Microsoft Visual Studio Solution File, Format Version 12.00
# Visual Studio Version 17
VisualStudioVersion = 17.3.32804.467
MinimumVisualStudioVersion = 10.0.40219.1
Project("{9A19103F-16F7-4668-BE54-9A1E7A4F7556}") = "WebAppDETAug2022", "WebAppDETAug2022\WebAppDETAug2022.csproj", "{5A2EA06C-044D-468A-AFBE-AB3A4CDA6E89}"
EndProject
Project("{9A19103F-16F7-4668-BE54-9A1E7A4F7556}") = "MVCDemo", "MVCDemo\MVCDemo.csproj", "{220AC556-F00C-4D24-AB78-97F659D3D97A}"
EndProject
Project("{9A19103F-16F7-4668-BE54-9A1E7A4F7556}") = "ContosoUniversity", "ContosoUniversity\ContosoUniversity\ContosoUniversity.csproj", "{241CBCFD-1941-41AB-BDBD-15DE115CB6B3}"
EndProject
Project("{9A19103F-16F7-4668-BE54-9A1E7A4F7556}") = "APIDemo", "APIDemo\APIDemo.csproj", "{4F25CDC5-4FC0-472E-B1E9-8B3B166348EF}"
EndProject
Project("{9A19103F-16F7-4668-BE54-9A1E7A4F7556}") = "ConsoleApiClient", "ConsoleApiClient\ConsoleApiClient.csproj", "{A93C251A-17A7-4DF4-B573-AA1C31F0A68D}"
EndProject
Project("{9A19103F-16F7-4668-BE54-9A1E7A4F7556}") = "TodoApi", "TodoApi\TodoApi.csproj", "{716DD3AD-D03F-4EE4-9665-114E2E5CFE30}"
EndProject
Project("{9A19103F-16F7-4668-BE54-9A1E7A4F7556}") = "OData6Demo.Api", "C:\Users\ETG1\Downloads\OData6Demo\OData6Demo.Api\OData6Demo.Api.csproj", "{B255AE79-CDC0-4EB9-94BC-07F20883BB45}"
EndProject
Project("{9A19103F-16F7-4668-BE54-9A1E7A4F7556}") = "Bank", "Bank\Bank.csproj", "{D8C9AD64-E2C3-4A38-8C3B-15CB39F48062}"
EndProject
Project("{9A19103F-16F7-4668-BE54-9A1E7A4F7556}") = "BankTests", "BankTests\BankTests.csproj", "{8E643A75-D0F9-439C-B61C-9B7B4E115F41}"
EndProject
Project("{9A19103F-16F7-4668-BE54-9A1E7A4F7556}") = "TestProjectPizza", "TestProjectPizza\TestProjectPizza.csproj", "{C367E5D4-F56F-44D0-BEDF-5FD30CC2CEF5}"
EndProject
Project("{FAE04EC0-301F-11D3-BF4B-00C04F79EFBC}") = "TDDDemo", "TDDDemo\TDDDemo.csproj", "{7FEE8F15-07F9-4CD2-81BE-EAB675A7C636}"
EndProject
Project("{9A19103F-16F7-4668-BE54-9A1E7A4F7556}") = "Library.API", "Library.API\Library.API.csproj", "{11E6A585-7DF7-45AF-9798-A53B8CEF932D}"
EndProject
Project("{9A19103F-16F7-4668-BE54-9A1E7A4F7556}") = "BooksControllerTest", "BookTest\BooksControllerTest.csproj", "{B57D82CF-0ACC-4B2A-8504-571C3D2D6259}"
EndProject
Global
	GlobalSection(SolutionConfigurationPlatforms) = preSolution
		Debug|Any CPU = Debug|Any CPU
		Release|Any CPU = Release|Any CPU
	EndGlobalSection
	GlobalSection(ProjectConfigurationPlatforms) = postSolution
		{5A2EA06C-044D-468A-AFBE-AB3A4CDA6E89}.Debug|Any CPU.ActiveCfg = Debug|Any CPU
		{5A2EA06C-044D-468A-AFBE-AB3A4CDA6E89}.Debug|Any CPU.Build.0 = Debug|Any CPU
		{5A2EA06C-044D-468A-AFBE-AB3A4CDA6E89}.Release|Any CPU.ActiveCfg = Release|Any CPU
		{5A2EA06C-044D-468A-AFBE-AB3A4CDA6E89}.Release|Any CPU.Build.0 = Release|Any CPU
		{220AC556-F00C-4D24-AB78-97F659D3D97A}.Debug|Any CPU.ActiveCfg = Debug|Any CPU
		{220AC556-F00C-4D24-AB78-97F659D3D97A}.Debug|Any CPU.Build.0 = Debug|Any CPU
		{220AC556-F00C-4D24-AB78-97F659D3D97A}.Release|Any CPU.ActiveCfg = Release|Any CPU
		{220AC556-F00C-4D24-AB78-97F659D3D97A}.Release|Any CPU.Build.0 = Release|Any CPU
		{241CBCFD-1941-41AB-BDBD-15DE115CB6B3}.Debug|Any CPU.ActiveCfg = Debug|Any CPU
		{241CBCFD-1941-41AB-BDBD-15DE115CB6B3}.Debug|Any CPU.Build.0 = Debug|Any CPU
		{241CBCFD-1941-41AB-BDBD-15DE115CB6B3}.Release|Any CPU.ActiveCfg = Release|Any CPU
		{241CBCFD-1941-41AB-BDBD-15DE115CB6B3}.Release|Any CPU.Build.0 = Release|Any CPU
		{4F25CDC5-4FC0-472E-B1E9-8B3B166348EF}.Debug|Any CPU.ActiveCfg = Debug|Any CPU
		{4F25CDC5-4FC0-472E-B1E9-8B3B166348EF}.Debug|Any CPU.Build.0 = Debug|Any CPU
		{4F25CDC5-4FC0-472E-B1E9-8B3B166348EF}.Release|Any CPU.ActiveCfg = Release|Any CPU
		{4F25CDC5-4FC0-472E-B1E9-8B3B166348EF}.Release|Any CPU.Build.0 = Release|Any CPU
		{A93C251A-17A7-4DF4-B573-AA1C31F0A68D}.Debug|Any CPU.ActiveCfg = Debug|Any CPU
		{A93C251A-17A7-4DF4-B573-AA1C31F0A68D}.Debug|Any CPU.Build.0 = Debug|Any CPU
		{A93C251A-17A7-4DF4-B573-AA1C31F0A68D}.Release|Any CPU.ActiveCfg = Release|Any CPU
		{A93C251A-17A7-4DF4-B573-AA1C31F0A68D}.Release|Any CPU.Build.0 = Release|Any CPU
		{716DD3AD-D03F-4EE4-9665-114E2E5CFE30}.Debug|Any CPU.ActiveCfg = Debug|Any CPU
		{716DD3AD-D03F-4EE4-9665-114E2E5CFE30}.Debug|Any CPU.Build.0 = Debug|Any CPU
		{716DD3AD-D03F-4EE4-9665-114E2E5CFE30}.Release|Any CPU.ActiveCfg = Release|Any CPU
		{716DD3AD-D03F-4EE4-9665-114E2E5CFE30}.Release|Any CPU.Build.0 = Release|Any CPU
		{B255AE79-CDC0-4EB9-94BC-07F20883BB45}.Debug|Any CPU.ActiveCfg = Debug|Any CPU
		{B255AE79-CDC0-4EB9-94BC-07F20883BB45}.Debug|Any CPU.Build.0 = Debug|Any CPU
		{B255AE79-CDC0-4EB9-94BC-07F20883BB45}.Release|Any CPU.ActiveCfg = Release|Any CPU
		{B255AE79-CDC0-4EB9-94BC-07F20883BB45}.Release|Any CPU.Build.0 = Release|Any CPU
		{D8C9AD64-E2C3-4A38-8C3B-15CB39F48062}.Debug|Any CPU.ActiveCfg = Debug|Any CPU
		{D8C9AD64-E2C3-4A38-8C3B-15CB39F48062}.Debug|Any CPU.Build.0 = Debug|Any CPU
		{D8C9AD64-E2C3-4A38-8C3B-15CB39F48062}.Release|Any CPU.ActiveCfg = Release|Any CPU
		{D8C9AD64-E2C3-4A38-8C3B-15CB39F48062}.Release|Any CPU.Build.0 = Release|Any CPU
		{8E643A75-D0F9-439C-B61C-9B7B4E115F41}.Debug|Any CPU.ActiveCfg = Debug|Any CPU
		{8E643A75-D0F9-439C-B61C-9B7B4E115F41}.Debug|Any CPU.Build.0 = Debug|Any CPU
		{8E643A75-D0F9-439C-B61C-9B7B4E115F41}.Release|Any CPU.ActiveCfg = Release|Any CPU
		{8E643A75-D0F9-439C-B61C-9B7B4E115F41}.Release|Any CPU.Build.0 = Release|Any CPU
		{C367E5D4-F56F-44D0-BEDF-5FD30CC2CEF5}.Debug|Any CPU.ActiveCfg = Debug|Any CPU
		{C367E5D4-F56F-44D0-BEDF-5FD30CC2CEF5}.Debug|Any CPU.Build.0 = Debug|Any CPU
		{C367E5D4-F56F-44D0-BEDF-5FD30CC2CEF5}.Release|Any CPU.ActiveCfg = Release|Any CPU
		{C367E5D4-F56F-44D0-BEDF-5FD30CC2CEF5}.Release|Any CPU.Build.0 = Release|Any CPU
		{7FEE8F15-07F9-4CD2-81BE-EAB675A7C636}.Debug|Any CPU.ActiveCfg = Debug|Any CPU
		{7FEE8F15-07F9-4CD2-81BE-EAB675A7C636}.Debug|Any CPU.Build.0 = Debug|Any CPU
		{7FEE8F15-07F9-4CD2-81BE-EAB675A7C636}.Release|Any CPU.ActiveCfg = Release|Any CPU
		{7FEE8F15-07F9-4CD2-81BE-EAB675A7C636}.Release|Any CPU.Build.0 = Release|Any CPU
		{11E6A585-7DF7-45AF-9798-A53B8CEF932D}.Debug|Any CPU.ActiveCfg = Debug|Any CPU
		{11E6A585-7DF7-45AF-9798-A53B8CEF932D}.Debug|Any CPU.Build.0 = Debug|Any CPU
		{11E6A585-7DF7-45AF-9798-A53B8CEF932D}.Release|Any CPU.ActiveCfg = Release|Any CPU
		{11E6A585-7DF7-45AF-9798-A53B8CEF932D}.Release|Any CPU.Build.0 = Release|Any CPU
		{B57D82CF-0ACC-4B2A-8504-571C3D2D6259}.Debug|Any CPU.ActiveCfg = Debug|Any CPU
		{B57D82CF-0ACC-4B2A-8504-571C3D2D6259}.Debug|Any CPU.Build.0 = Debug|Any CPU
		{B57D82CF-0ACC-4B2A-8504-571C3D2D6259}.Release|Any CPU.ActiveCfg = Release|Any CPU
		{B57D82CF-0ACC-4B2A-8504-571C3D2D6259}.Release|Any CPU.Build.0 = Release|Any CPU
	EndGlobalSection
	GlobalSection(SolutionProperties) = preSolution
		HideSolutionNode = FALSE
	EndGlobalSection
	GlobalSection(ExtensibilityGlobals) = postSolution
		SolutionGuid = {C84C7F98-4E1B-4EE6-914C-B7F98EF7E834}
	EndGlobalSection
EndGlobal
